// !$*UTF8*$!
{
	archiveVersion = 1;
	classes = {
	};
	objectVersion = 56;
	objects = {

/* Begin PBXBuildFile section */
		E31F47512C6E10A90053A74D /* CloneWidgetApp.swift in Sources */ = {isa = PBXBuildFile; fileRef = E31F47502C6E10A90053A74D /* CloneWidgetApp.swift */; };
		E31F47532C6E10A90053A74D /* RootView.swift in Sources */ = {isa = PBXBuildFile; fileRef = E31F47522C6E10A90053A74D /* RootView.swift */; };
		E31F47552C6E10AB0053A74D /* Assets.xcassets in Resources */ = {isa = PBXBuildFile; fileRef = E31F47542C6E10AB0053A74D /* Assets.xcassets */; };
		E31F47582C6E10AB0053A74D /* Preview Assets.xcassets in Resources */ = {isa = PBXBuildFile; fileRef = E31F47572C6E10AB0053A74D /* Preview Assets.xcassets */; };
		E31F47602C6E15340053A74D /* ComposableArchitecture in Frameworks */ = {isa = PBXBuildFile; productRef = E31F475F2C6E15340053A74D /* ComposableArchitecture */; };
		E31F47642C6E169D0053A74D /* RootDomain.swift in Sources */ = {isa = PBXBuildFile; fileRef = E31F47632C6E169D0053A74D /* RootDomain.swift */; };
		E31F476B2C6E1B260053A74D /* TodayView.swift in Sources */ = {isa = PBXBuildFile; fileRef = E31F476A2C6E1B260053A74D /* TodayView.swift */; };
		E31F476D2C6E1B2C0053A74D /* TodayDomain.swift in Sources */ = {isa = PBXBuildFile; fileRef = E31F476C2C6E1B2C0053A74D /* TodayDomain.swift */; };
		E31F476F2C6E1B320053A74D /* FotoView.swift in Sources */ = {isa = PBXBuildFile; fileRef = E31F476E2C6E1B320053A74D /* FotoView.swift */; };
		E31F47712C6E1B380053A74D /* FotoDomain.swift in Sources */ = {isa = PBXBuildFile; fileRef = E31F47702C6E1B380053A74D /* FotoDomain.swift */; };
		E31F47732C6E1B400053A74D /* ExplorerView.swift in Sources */ = {isa = PBXBuildFile; fileRef = E31F47722C6E1B400053A74D /* ExplorerView.swift */; };
		E31F47752C6E1B470053A74D /* ExplorerDomain.swift in Sources */ = {isa = PBXBuildFile; fileRef = E31F47742C6E1B470053A74D /* ExplorerDomain.swift */; };
		E31F47772C6E1B4D0053A74D /* MyPageView.swift in Sources */ = {isa = PBXBuildFile; fileRef = E31F47762C6E1B4D0053A74D /* MyPageView.swift */; };
		E31F47792C6E1B530053A74D /* MyPageDomain.swift in Sources */ = {isa = PBXBuildFile; fileRef = E31F47782C6E1B530053A74D /* MyPageDomain.swift */; };
		E340E6C42C78DA3B00CD901F /* CategoryButton.swift in Sources */ = {isa = PBXBuildFile; fileRef = E340E6C32C78DA3B00CD901F /* CategoryButton.swift */; };
		E340E6C62C78DA4B00CD901F /* CategorySelectorView.swift in Sources */ = {isa = PBXBuildFile; fileRef = E340E6C52C78DA4B00CD901F /* CategorySelectorView.swift */; };
/* End PBXBuildFile section */

/* Begin PBXFileReference section */
		E31F474D2C6E10A90053A74D /* CloneWidget.app */ = {isa = PBXFileReference; explicitFileType = wrapper.application; includeInIndex = 0; path = CloneWidget.app; sourceTree = BUILT_PRODUCTS_DIR; };
		E31F47502C6E10A90053A74D /* CloneWidgetApp.swift */ = {isa = PBXFileReference; lastKnownFileType = sourcecode.swift; path = CloneWidgetApp.swift; sourceTree = "<group>"; };
		E31F47522C6E10A90053A74D /* RootView.swift */ = {isa = PBXFileReference; lastKnownFileType = sourcecode.swift; path = RootView.swift; sourceTree = "<group>"; };
		E31F47542C6E10AB0053A74D /* Assets.xcassets */ = {isa = PBXFileReference; lastKnownFileType = folder.assetcatalog; path = Assets.xcassets; sourceTree = "<group>"; };
		E31F47572C6E10AB0053A74D /* Preview Assets.xcassets */ = {isa = PBXFileReference; lastKnownFileType = folder.assetcatalog; path = "Preview Assets.xcassets"; sourceTree = "<group>"; };
		E31F47632C6E169D0053A74D /* RootDomain.swift */ = {isa = PBXFileReference; lastKnownFileType = sourcecode.swift; path = RootDomain.swift; sourceTree = "<group>"; };
		E31F476A2C6E1B260053A74D /* TodayView.swift */ = {isa = PBXFileReference; lastKnownFileType = sourcecode.swift; path = TodayView.swift; sourceTree = "<group>"; };
		E31F476C2C6E1B2C0053A74D /* TodayDomain.swift */ = {isa = PBXFileReference; lastKnownFileType = sourcecode.swift; path = TodayDomain.swift; sourceTree = "<group>"; };
		E31F476E2C6E1B320053A74D /* FotoView.swift */ = {isa = PBXFileReference; lastKnownFileType = sourcecode.swift; path = FotoView.swift; sourceTree = "<group>"; };
		E31F47702C6E1B380053A74D /* FotoDomain.swift */ = {isa = PBXFileReference; lastKnownFileType = sourcecode.swift; path = FotoDomain.swift; sourceTree = "<group>"; };
		E31F47722C6E1B400053A74D /* ExplorerView.swift */ = {isa = PBXFileReference; lastKnownFileType = sourcecode.swift; path = ExplorerView.swift; sourceTree = "<group>"; };
		E31F47742C6E1B470053A74D /* ExplorerDomain.swift */ = {isa = PBXFileReference; lastKnownFileType = sourcecode.swift; path = ExplorerDomain.swift; sourceTree = "<group>"; };
		E31F47762C6E1B4D0053A74D /* MyPageView.swift */ = {isa = PBXFileReference; lastKnownFileType = sourcecode.swift; path = MyPageView.swift; sourceTree = "<group>"; };
		E31F47782C6E1B530053A74D /* MyPageDomain.swift */ = {isa = PBXFileReference; lastKnownFileType = sourcecode.swift; path = MyPageDomain.swift; sourceTree = "<group>"; };
		E340E6C32C78DA3B00CD901F /* CategoryButton.swift */ = {isa = PBXFileReference; lastKnownFileType = sourcecode.swift; path = CategoryButton.swift; sourceTree = "<group>"; };
		E340E6C52C78DA4B00CD901F /* CategorySelectorView.swift */ = {isa = PBXFileReference; lastKnownFileType = sourcecode.swift; path = CategorySelectorView.swift; sourceTree = "<group>"; };
/* End PBXFileReference section */

/* Begin PBXFrameworksBuildPhase section */
		E31F474A2C6E10A90053A74D /* Frameworks */ = {
			isa = PBXFrameworksBuildPhase;
			buildActionMask = 2147483647;
			files = (
				E31F47602C6E15340053A74D /* ComposableArchitecture in Frameworks */,
			);
			runOnlyForDeploymentPostprocessing = 0;
		};
/* End PBXFrameworksBuildPhase section */

/* Begin PBXGroup section */
		E30FAB652C78C2BC009C0807 /* UI */ = {
			isa = PBXGroup;
			children = (
				E30FAB712C78C4D1009C0807 /* UIComponent */,
				E30FAB742C78C4E7009C0807 /* Indicator */,
				E30FAB702C78C4CB009C0807 /* RichString */,
				E30FAB6F2C78C4C3009C0807 /* Color */,
				E30FAB6E2C78C4BE009C0807 /* Toast */,
				E30FAB6D2C78C4B7009C0807 /* Keyboard */,
				E30FAB732C78C4E2009C0807 /* Resource */,
				E30FAB722C78C4D9009C0807 /* Helper */,
			);
			path = UI;
			sourceTree = "<group>";
		};
		E30FAB662C78C2EA009C0807 /* Network */ = {
			isa = PBXGroup;
			children = (
				E30FAB7E2C78C578009C0807 /* APIBase */,
				E30FAB7F2C78C57F009C0807 /* APIs */,
			);
			path = Network;
			sourceTree = "<group>";
		};
		E30FAB672C78C2F4009C0807 /* Persistant */ = {
			isa = PBXGroup;
			children = (
			);
			path = Persistant;
			sourceTree = "<group>";
		};
		E30FAB6A2C78C3C6009C0807 /* Widget */ = {
			isa = PBXGroup;
			children = (
			);
			path = Widget;
			sourceTree = "<group>";
		};
		E30FAB6B2C78C465009C0807 /* Core */ = {
			isa = PBXGroup;
			children = (
				E30FAB752C78C4F2009C0807 /* Common */,
				E30FAB6C2C78C479009C0807 /* Logger */,
				E30FAB782C78C510009C0807 /* Security */,
				E30FAB7C2C78C540009C0807 /* Utility */,
				E30FAB662C78C2EA009C0807 /* Network */,
				E30FAB672C78C2F4009C0807 /* Persistant */,
			);
			path = Core;
			sourceTree = "<group>";
		};
		E30FAB6C2C78C479009C0807 /* Logger */ = {
			isa = PBXGroup;
			children = (
				E30FAB7B2C78C534009C0807 /* Firebase */,
				E30FAB7A2C78C52E009C0807 /* AppLog */,
			);
			path = Logger;
			sourceTree = "<group>";
		};
		E30FAB6D2C78C4B7009C0807 /* Keyboard */ = {
			isa = PBXGroup;
			children = (
			);
			path = Keyboard;
			sourceTree = "<group>";
		};
		E30FAB6E2C78C4BE009C0807 /* Toast */ = {
			isa = PBXGroup;
			children = (
			);
			path = Toast;
			sourceTree = "<group>";
		};
		E30FAB6F2C78C4C3009C0807 /* Color */ = {
			isa = PBXGroup;
			children = (
			);
			path = Color;
			sourceTree = "<group>";
		};
		E30FAB702C78C4CB009C0807 /* RichString */ = {
			isa = PBXGroup;
			children = (
			);
			path = RichString;
			sourceTree = "<group>";
		};
		E30FAB712C78C4D1009C0807 /* UIComponent */ = {
			isa = PBXGroup;
			children = (
				E340E6C72C78DA4E00CD901F /* CategorySelectorView */,
			);
			path = UIComponent;
			sourceTree = "<group>";
		};
		E30FAB722C78C4D9009C0807 /* Helper */ = {
			isa = PBXGroup;
			children = (
			);
			path = Helper;
			sourceTree = "<group>";
		};
		E30FAB732C78C4E2009C0807 /* Resource */ = {
			isa = PBXGroup;
			children = (
			);
			path = Resource;
			sourceTree = "<group>";
		};
		E30FAB742C78C4E7009C0807 /* Indicator */ = {
			isa = PBXGroup;
			children = (
			);
			path = Indicator;
			sourceTree = "<group>";
		};
		E30FAB752C78C4F2009C0807 /* Common */ = {
			isa = PBXGroup;
			children = (
				E30FAB772C78C504009C0807 /* Environment */,
				E30FAB762C78C4FE009C0807 /* Error */,
			);
			path = Common;
			sourceTree = "<group>";
		};
		E30FAB762C78C4FE009C0807 /* Error */ = {
			isa = PBXGroup;
			children = (
			);
			path = Error;
			sourceTree = "<group>";
		};
		E30FAB772C78C504009C0807 /* Environment */ = {
			isa = PBXGroup;
			children = (
			);
			path = Environment;
			sourceTree = "<group>";
		};
		E30FAB782C78C510009C0807 /* Security */ = {
			isa = PBXGroup;
			children = (
				E30FAB792C78C519009C0807 /* Keychain */,
			);
			path = Security;
			sourceTree = "<group>";
		};
		E30FAB792C78C519009C0807 /* Keychain */ = {
			isa = PBXGroup;
			children = (
			);
			path = Keychain;
			sourceTree = "<group>";
		};
		E30FAB7A2C78C52E009C0807 /* AppLog */ = {
			isa = PBXGroup;
			children = (
			);
			path = AppLog;
			sourceTree = "<group>";
		};
		E30FAB7B2C78C534009C0807 /* Firebase */ = {
			isa = PBXGroup;
			children = (
			);
			path = Firebase;
			sourceTree = "<group>";
		};
		E30FAB7C2C78C540009C0807 /* Utility */ = {
			isa = PBXGroup;
			children = (
				E30FAB7D2C78C549009C0807 /* Extension */,
			);
			path = Utility;
			sourceTree = "<group>";
		};
		E30FAB7D2C78C549009C0807 /* Extension */ = {
			isa = PBXGroup;
			children = (
			);
			path = Extension;
			sourceTree = "<group>";
		};
		E30FAB7E2C78C578009C0807 /* APIBase */ = {
			isa = PBXGroup;
			children = (
			);
			path = APIBase;
			sourceTree = "<group>";
		};
		E30FAB7F2C78C57F009C0807 /* APIs */ = {
			isa = PBXGroup;
			children = (
			);
			path = APIs;
			sourceTree = "<group>";
		};
		E31F47442C6E10A90053A74D = {
			isa = PBXGroup;
			children = (
				E31F474F2C6E10A90053A74D /* CloneWidget */,
				E31F474E2C6E10A90053A74D /* Products */,
			);
			sourceTree = "<group>";
		};
		E31F474E2C6E10A90053A74D /* Products */ = {
			isa = PBXGroup;
			children = (
				E31F474D2C6E10A90053A74D /* CloneWidget.app */,
			);
			name = Products;
			sourceTree = "<group>";
		};
		E31F474F2C6E10A90053A74D /* CloneWidget */ = {
			isa = PBXGroup;
			children = (
				E31F47622C6E16670053A74D /* Application */,
				E31F47542C6E10AB0053A74D /* Assets.xcassets */,
				E31F47562C6E10AB0053A74D /* Preview Content */,
			);
			path = CloneWidget;
			sourceTree = "<group>";
		};
		E31F47562C6E10AB0053A74D /* Preview Content */ = {
			isa = PBXGroup;
			children = (
				E31F47572C6E10AB0053A74D /* Preview Assets.xcassets */,
			);
			path = "Preview Content";
			sourceTree = "<group>";
		};
		E31F47612C6E15F70053A74D /* Root */ = {
			isa = PBXGroup;
			children = (
				E31F47522C6E10A90053A74D /* RootView.swift */,
				E31F47632C6E169D0053A74D /* RootDomain.swift */,
			);
			path = Root;
			sourceTree = "<group>";
		};
		E31F47622C6E16670053A74D /* Application */ = {
			isa = PBXGroup;
			children = (
				E31F47612C6E15F70053A74D /* Root */,
				E31F47652C6E1AE20053A74D /* Features */,
				E30FAB6A2C78C3C6009C0807 /* Widget */,
				E30FAB652C78C2BC009C0807 /* UI */,
				E30FAB6B2C78C465009C0807 /* Core */,
				E31F47502C6E10A90053A74D /* CloneWidgetApp.swift */,
			);
			path = Application;
			sourceTree = "<group>";
		};
		E31F47652C6E1AE20053A74D /* Features */ = {
			isa = PBXGroup;
			children = (
				E31F47662C6E1B020053A74D /* Today */,
				E31F47672C6E1B070053A74D /* Foto */,
				E31F47682C6E1B0C0053A74D /* Explorer */,
				E31F47692C6E1B120053A74D /* MyPage */,
			);
			path = Features;
			sourceTree = "<group>";
		};
		E31F47662C6E1B020053A74D /* Today */ = {
			isa = PBXGroup;
			children = (
				E31F476A2C6E1B260053A74D /* TodayView.swift */,
				E31F476C2C6E1B2C0053A74D /* TodayDomain.swift */,
			);
			path = Today;
			sourceTree = "<group>";
		};
		E31F47672C6E1B070053A74D /* Foto */ = {
			isa = PBXGroup;
			children = (
				E31F476E2C6E1B320053A74D /* FotoView.swift */,
				E31F47702C6E1B380053A74D /* FotoDomain.swift */,
			);
			path = Foto;
			sourceTree = "<group>";
		};
		E31F47682C6E1B0C0053A74D /* Explorer */ = {
			isa = PBXGroup;
			children = (
				E31F47722C6E1B400053A74D /* ExplorerView.swift */,
				E31F47742C6E1B470053A74D /* ExplorerDomain.swift */,
			);
			path = Explorer;
			sourceTree = "<group>";
		};
		E31F47692C6E1B120053A74D /* MyPage */ = {
			isa = PBXGroup;
			children = (
				E31F47762C6E1B4D0053A74D /* MyPageView.swift */,
				E31F47782C6E1B530053A74D /* MyPageDomain.swift */,
			);
			path = MyPage;
			sourceTree = "<group>";
		};
		E340E6C72C78DA4E00CD901F /* CategorySelectorView */ = {
			isa = PBXGroup;
			children = (
				E340E6C32C78DA3B00CD901F /* CategoryButton.swift */,
				E340E6C52C78DA4B00CD901F /* CategorySelectorView.swift */,
			);
			path = CategorySelectorView;
			sourceTree = "<group>";
		};
/* End PBXGroup section */

/* Begin PBXNativeTarget section */
		E31F474C2C6E10A90053A74D /* CloneWidget */ = {
			isa = PBXNativeTarget;
			buildConfigurationList = E31F475B2C6E10AB0053A74D /* Build configuration list for PBXNativeTarget "CloneWidget" */;
			buildPhases = (
				E31F47492C6E10A90053A74D /* Sources */,
				E31F474A2C6E10A90053A74D /* Frameworks */,
				E31F474B2C6E10A90053A74D /* Resources */,
			);
			buildRules = (
			);
			dependencies = (
			);
			name = CloneWidget;
			packageProductDependencies = (
				E31F475F2C6E15340053A74D /* ComposableArchitecture */,
			);
			productName = CloneWidget;
			productReference = E31F474D2C6E10A90053A74D /* CloneWidget.app */;
			productType = "com.apple.product-type.application";
		};
/* End PBXNativeTarget section */

/* Begin PBXProject section */
		E31F47452C6E10A90053A74D /* Project object */ = {
			isa = PBXProject;
			attributes = {
				BuildIndependentTargetsInParallel = 1;
				LastSwiftUpdateCheck = 1540;
				LastUpgradeCheck = 1540;
				TargetAttributes = {
					E31F474C2C6E10A90053A74D = {
						CreatedOnToolsVersion = 15.4;
					};
				};
			};
			buildConfigurationList = E31F47482C6E10A90053A74D /* Build configuration list for PBXProject "CloneWidget" */;
			compatibilityVersion = "Xcode 14.0";
			developmentRegion = en;
			hasScannedForEncodings = 0;
			knownRegions = (
				en,
				Base,
			);
			mainGroup = E31F47442C6E10A90053A74D;
			packageReferences = (
				E31F475E2C6E15340053A74D /* XCRemoteSwiftPackageReference "swift-composable-architecture" */,
			);
			productRefGroup = E31F474E2C6E10A90053A74D /* Products */;
			projectDirPath = "";
			projectRoot = "";
			targets = (
				E31F474C2C6E10A90053A74D /* CloneWidget */,
			);
		};
/* End PBXProject section */

/* Begin PBXResourcesBuildPhase section */
		E31F474B2C6E10A90053A74D /* Resources */ = {
			isa = PBXResourcesBuildPhase;
			buildActionMask = 2147483647;
			files = (
				E31F47582C6E10AB0053A74D /* Preview Assets.xcassets in Resources */,
				E31F47552C6E10AB0053A74D /* Assets.xcassets in Resources */,
			);
			runOnlyForDeploymentPostprocessing = 0;
		};
/* End PBXResourcesBuildPhase section */

/* Begin PBXSourcesBuildPhase section */
		E31F47492C6E10A90053A74D /* Sources */ = {
			isa = PBXSourcesBuildPhase;
			buildActionMask = 2147483647;
			files = (
				E31F47792C6E1B530053A74D /* MyPageDomain.swift in Sources */,
				E31F47642C6E169D0053A74D /* RootDomain.swift in Sources */,
				E31F47732C6E1B400053A74D /* ExplorerView.swift in Sources */,
				E31F47532C6E10A90053A74D /* RootView.swift in Sources */,
				E31F47712C6E1B380053A74D /* FotoDomain.swift in Sources */,
				E31F476B2C6E1B260053A74D /* TodayView.swift in Sources */,
				E31F47512C6E10A90053A74D /* CloneWidgetApp.swift in Sources */,
				E31F476F2C6E1B320053A74D /* FotoView.swift in Sources */,
				E31F47772C6E1B4D0053A74D /* MyPageView.swift in Sources */,
				E340E6C42C78DA3B00CD901F /* CategoryButton.swift in Sources */,
				E31F47752C6E1B470053A74D /* ExplorerDomain.swift in Sources */,
				E340E6C62C78DA4B00CD901F /* CategorySelectorView.swift in Sources */,
				E31F476D2C6E1B2C0053A74D /* TodayDomain.swift in Sources */,
			);
			runOnlyForDeploymentPostprocessing = 0;
		};
/* End PBXSourcesBuildPhase section */

/* Begin XCBuildConfiguration section */
		E31F47592C6E10AB0053A74D /* Debug */ = {
			isa = XCBuildConfiguration;
			buildSettings = {
				ALWAYS_SEARCH_USER_PATHS = NO;
				ASSETCATALOG_COMPILER_GENERATE_SWIFT_ASSET_SYMBOL_EXTENSIONS = YES;
				CLANG_ANALYZER_NONNULL = YES;
				CLANG_ANALYZER_NUMBER_OBJECT_CONVERSION = YES_AGGRESSIVE;
				CLANG_CXX_LANGUAGE_STANDARD = "gnu++20";
				CLANG_ENABLE_MODULES = YES;
				CLANG_ENABLE_OBJC_ARC = YES;
				CLANG_ENABLE_OBJC_WEAK = YES;
				CLANG_WARN_BLOCK_CAPTURE_AUTORELEASING = YES;
				CLANG_WARN_BOOL_CONVERSION = YES;
				CLANG_WARN_COMMA = YES;
				CLANG_WARN_CONSTANT_CONVERSION = YES;
				CLANG_WARN_DEPRECATED_OBJC_IMPLEMENTATIONS = YES;
				CLANG_WARN_DIRECT_OBJC_ISA_USAGE = YES_ERROR;
				CLANG_WARN_DOCUMENTATION_COMMENTS = YES;
				CLANG_WARN_EMPTY_BODY = YES;
				CLANG_WARN_ENUM_CONVERSION = YES;
				CLANG_WARN_INFINITE_RECURSION = YES;
				CLANG_WARN_INT_CONVERSION = YES;
				CLANG_WARN_NON_LITERAL_NULL_CONVERSION = YES;
				CLANG_WARN_OBJC_IMPLICIT_RETAIN_SELF = YES;
				CLANG_WARN_OBJC_LITERAL_CONVERSION = YES;
				CLANG_WARN_OBJC_ROOT_CLASS = YES_ERROR;
				CLANG_WARN_QUOTED_INCLUDE_IN_FRAMEWORK_HEADER = YES;
				CLANG_WARN_RANGE_LOOP_ANALYSIS = YES;
				CLANG_WARN_STRICT_PROTOTYPES = YES;
				CLANG_WARN_SUSPICIOUS_MOVE = YES;
				CLANG_WARN_UNGUARDED_AVAILABILITY = YES_AGGRESSIVE;
				CLANG_WARN_UNREACHABLE_CODE = YES;
				CLANG_WARN__DUPLICATE_METHOD_MATCH = YES;
				COPY_PHASE_STRIP = NO;
				DEBUG_INFORMATION_FORMAT = dwarf;
				ENABLE_STRICT_OBJC_MSGSEND = YES;
				ENABLE_TESTABILITY = YES;
				ENABLE_USER_SCRIPT_SANDBOXING = YES;
				GCC_C_LANGUAGE_STANDARD = gnu17;
				GCC_DYNAMIC_NO_PIC = NO;
				GCC_NO_COMMON_BLOCKS = YES;
				GCC_OPTIMIZATION_LEVEL = 0;
				GCC_PREPROCESSOR_DEFINITIONS = (
					"DEBUG=1",
					"$(inherited)",
				);
				GCC_WARN_64_TO_32_BIT_CONVERSION = YES;
				GCC_WARN_ABOUT_RETURN_TYPE = YES_ERROR;
				GCC_WARN_UNDECLARED_SELECTOR = YES;
				GCC_WARN_UNINITIALIZED_AUTOS = YES_AGGRESSIVE;
				GCC_WARN_UNUSED_FUNCTION = YES;
				GCC_WARN_UNUSED_VARIABLE = YES;
				IPHONEOS_DEPLOYMENT_TARGET = 17.5;
				LOCALIZATION_PREFERS_STRING_CATALOGS = YES;
				MTL_ENABLE_DEBUG_INFO = INCLUDE_SOURCE;
				MTL_FAST_MATH = YES;
				ONLY_ACTIVE_ARCH = YES;
				SDKROOT = iphoneos;
				SWIFT_ACTIVE_COMPILATION_CONDITIONS = "DEBUG $(inherited)";
				SWIFT_OPTIMIZATION_LEVEL = "-Onone";
			};
			name = Debug;
		};
		E31F475A2C6E10AB0053A74D /* Release */ = {
			isa = XCBuildConfiguration;
			buildSettings = {
				ALWAYS_SEARCH_USER_PATHS = NO;
				ASSETCATALOG_COMPILER_GENERATE_SWIFT_ASSET_SYMBOL_EXTENSIONS = YES;
				CLANG_ANALYZER_NONNULL = YES;
				CLANG_ANALYZER_NUMBER_OBJECT_CONVERSION = YES_AGGRESSIVE;
				CLANG_CXX_LANGUAGE_STANDARD = "gnu++20";
				CLANG_ENABLE_MODULES = YES;
				CLANG_ENABLE_OBJC_ARC = YES;
				CLANG_ENABLE_OBJC_WEAK = YES;
				CLANG_WARN_BLOCK_CAPTURE_AUTORELEASING = YES;
				CLANG_WARN_BOOL_CONVERSION = YES;
				CLANG_WARN_COMMA = YES;
				CLANG_WARN_CONSTANT_CONVERSION = YES;
				CLANG_WARN_DEPRECATED_OBJC_IMPLEMENTATIONS = YES;
				CLANG_WARN_DIRECT_OBJC_ISA_USAGE = YES_ERROR;
				CLANG_WARN_DOCUMENTATION_COMMENTS = YES;
				CLANG_WARN_EMPTY_BODY = YES;
				CLANG_WARN_ENUM_CONVERSION = YES;
				CLANG_WARN_INFINITE_RECURSION = YES;
				CLANG_WARN_INT_CONVERSION = YES;
				CLANG_WARN_NON_LITERAL_NULL_CONVERSION = YES;
				CLANG_WARN_OBJC_IMPLICIT_RETAIN_SELF = YES;
				CLANG_WARN_OBJC_LITERAL_CONVERSION = YES;
				CLANG_WARN_OBJC_ROOT_CLASS = YES_ERROR;
				CLANG_WARN_QUOTED_INCLUDE_IN_FRAMEWORK_HEADER = YES;
				CLANG_WARN_RANGE_LOOP_ANALYSIS = YES;
				CLANG_WARN_STRICT_PROTOTYPES = YES;
				CLANG_WARN_SUSPICIOUS_MOVE = YES;
				CLANG_WARN_UNGUARDED_AVAILABILITY = YES_AGGRESSIVE;
				CLANG_WARN_UNREACHABLE_CODE = YES;
				CLANG_WARN__DUPLICATE_METHOD_MATCH = YES;
				COPY_PHASE_STRIP = NO;
				DEBUG_INFORMATION_FORMAT = "dwarf-with-dsym";
				ENABLE_NS_ASSERTIONS = NO;
				ENABLE_STRICT_OBJC_MSGSEND = YES;
				ENABLE_USER_SCRIPT_SANDBOXING = YES;
				GCC_C_LANGUAGE_STANDARD = gnu17;
				GCC_NO_COMMON_BLOCKS = YES;
				GCC_WARN_64_TO_32_BIT_CONVERSION = YES;
				GCC_WARN_ABOUT_RETURN_TYPE = YES_ERROR;
				GCC_WARN_UNDECLARED_SELECTOR = YES;
				GCC_WARN_UNINITIALIZED_AUTOS = YES_AGGRESSIVE;
				GCC_WARN_UNUSED_FUNCTION = YES;
				GCC_WARN_UNUSED_VARIABLE = YES;
				IPHONEOS_DEPLOYMENT_TARGET = 17.5;
				LOCALIZATION_PREFERS_STRING_CATALOGS = YES;
				MTL_ENABLE_DEBUG_INFO = NO;
				MTL_FAST_MATH = YES;
				SDKROOT = iphoneos;
				SWIFT_COMPILATION_MODE = wholemodule;
				VALIDATE_PRODUCT = YES;
			};
			name = Release;
		};
		E31F475C2C6E10AB0053A74D /* Debug */ = {
			isa = XCBuildConfiguration;
			buildSettings = {
				ASSETCATALOG_COMPILER_APPICON_NAME = AppIcon;
				ASSETCATALOG_COMPILER_GLOBAL_ACCENT_COLOR_NAME = AccentColor;
				CODE_SIGN_STYLE = Automatic;
				CURRENT_PROJECT_VERSION = 1;
				DEVELOPMENT_ASSET_PATHS = "\"CloneWidget/Preview Content\"";
				DEVELOPMENT_TEAM = G3RSN5GZ2E;
				ENABLE_PREVIEWS = YES;
				GENERATE_INFOPLIST_FILE = YES;
				INFOPLIST_KEY_UIApplicationSceneManifest_Generation = YES;
				INFOPLIST_KEY_UIApplicationSupportsIndirectInputEvents = YES;
				INFOPLIST_KEY_UILaunchScreen_Generation = YES;
				INFOPLIST_KEY_UISupportedInterfaceOrientations_iPad = "UIInterfaceOrientationPortrait UIInterfaceOrientationPortraitUpsideDown UIInterfaceOrientationLandscapeLeft UIInterfaceOrientationLandscapeRight";
				INFOPLIST_KEY_UISupportedInterfaceOrientations_iPhone = "UIInterfaceOrientationPortrait UIInterfaceOrientationLandscapeLeft UIInterfaceOrientationLandscapeRight";
				LD_RUNPATH_SEARCH_PATHS = (
					"$(inherited)",
					"@executable_path/Frameworks",
				);
				MARKETING_VERSION = 1.0;
				PRODUCT_BUNDLE_IDENTIFIER = minoh.park.CloneWidget;
				PRODUCT_NAME = "$(TARGET_NAME)";
				SWIFT_EMIT_LOC_STRINGS = YES;
				SWIFT_VERSION = 5.0;
				TARGETED_DEVICE_FAMILY = "1,2";
			};
			name = Debug;
		};
		E31F475D2C6E10AB0053A74D /* Release */ = {
			isa = XCBuildConfiguration;
			buildSettings = {
				ASSETCATALOG_COMPILER_APPICON_NAME = AppIcon;
				ASSETCATALOG_COMPILER_GLOBAL_ACCENT_COLOR_NAME = AccentColor;
				CODE_SIGN_STYLE = Automatic;
				CURRENT_PROJECT_VERSION = 1;
				DEVELOPMENT_ASSET_PATHS = "\"CloneWidget/Preview Content\"";
				DEVELOPMENT_TEAM = G3RSN5GZ2E;
				ENABLE_PREVIEWS = YES;
				GENERATE_INFOPLIST_FILE = YES;
				INFOPLIST_KEY_UIApplicationSceneManifest_Generation = YES;
				INFOPLIST_KEY_UIApplicationSupportsIndirectInputEvents = YES;
				INFOPLIST_KEY_UILaunchScreen_Generation = YES;
				INFOPLIST_KEY_UISupportedInterfaceOrientations_iPad = "UIInterfaceOrientationPortrait UIInterfaceOrientationPortraitUpsideDown UIInterfaceOrientationLandscapeLeft UIInterfaceOrientationLandscapeRight";
				INFOPLIST_KEY_UISupportedInterfaceOrientations_iPhone = "UIInterfaceOrientationPortrait UIInterfaceOrientationLandscapeLeft UIInterfaceOrientationLandscapeRight";
				LD_RUNPATH_SEARCH_PATHS = (
					"$(inherited)",
					"@executable_path/Frameworks",
				);
				MARKETING_VERSION = 1.0;
				PRODUCT_BUNDLE_IDENTIFIER = minoh.park.CloneWidget;
				PRODUCT_NAME = "$(TARGET_NAME)";
				SWIFT_EMIT_LOC_STRINGS = YES;
				SWIFT_VERSION = 5.0;
				TARGETED_DEVICE_FAMILY = "1,2";
			};
			name = Release;
		};
/* End XCBuildConfiguration section */

/* Begin XCConfigurationList section */
		E31F47482C6E10A90053A74D /* Build configuration list for PBXProject "CloneWidget" */ = {
			isa = XCConfigurationList;
			buildConfigurations = (
				E31F47592C6E10AB0053A74D /* Debug */,
				E31F475A2C6E10AB0053A74D /* Release */,
			);
			defaultConfigurationIsVisible = 0;
			defaultConfigurationName = Release;
		};
		E31F475B2C6E10AB0053A74D /* Build configuration list for PBXNativeTarget "CloneWidget" */ = {
			isa = XCConfigurationList;
			buildConfigurations = (
				E31F475C2C6E10AB0053A74D /* Debug */,
				E31F475D2C6E10AB0053A74D /* Release */,
			);
			defaultConfigurationIsVisible = 0;
			defaultConfigurationName = Release;
		};
/* End XCConfigurationList section */

/* Begin XCRemoteSwiftPackageReference section */
		E31F475E2C6E15340053A74D /* XCRemoteSwiftPackageReference "swift-composable-architecture" */ = {
			isa = XCRemoteSwiftPackageReference;
			repositoryURL = "https://github.com/pointfreeco/swift-composable-architecture";
			requirement = {
				kind = upToNextMajorVersion;
				minimumVersion = 1.12.1;
			};
		};
/* End XCRemoteSwiftPackageReference section */

/* Begin XCSwiftPackageProductDependency section */
		E31F475F2C6E15340053A74D /* ComposableArchitecture */ = {
			isa = XCSwiftPackageProductDependency;
			package = E31F475E2C6E15340053A74D /* XCRemoteSwiftPackageReference "swift-composable-architecture" */;
			productName = ComposableArchitecture;
		};
/* End XCSwiftPackageProductDependency section */
	};
	rootObject = E31F47452C6E10A90053A74D /* Project object */;
}
